// !$*UTF8*$!
{
	archiveVersion = 1;
	classes = {
	};
	objectVersion = 46;
	objects = {

/* Begin PBXBuildFile section */
		21EC0EA31DFF944B007754D6 /* AppDelegate.swift in Sources */ = {isa = PBXBuildFile; fileRef = 21EC0EA21DFF944B007754D6 /* AppDelegate.swift */; };
		21EC0EA51DFF944B007754D6 /* ViewController.swift in Sources */ = {isa = PBXBuildFile; fileRef = 21EC0EA41DFF944B007754D6 /* ViewController.swift */; };
		21EC0EA81DFF944B007754D6 /* Main.storyboard in Resources */ = {isa = PBXBuildFile; fileRef = 21EC0EA61DFF944B007754D6 /* Main.storyboard */; };
		21EC0EAA1DFF944B007754D6 /* Assets.xcassets in Resources */ = {isa = PBXBuildFile; fileRef = 21EC0EA91DFF944B007754D6 /* Assets.xcassets */; };
		21EC0EAD1DFF944B007754D6 /* LaunchScreen.storyboard in Resources */ = {isa = PBXBuildFile; fileRef = 21EC0EAB1DFF944B007754D6 /* LaunchScreen.storyboard */; };
		21EC0EB81DFF944B007754D6 /* TipperTests.swift in Sources */ = {isa = PBXBuildFile; fileRef = 21EC0EB71DFF944B007754D6 /* TipperTests.swift */; };
		21EC0EC31DFF944B007754D6 /* TipperUITests.swift in Sources */ = {isa = PBXBuildFile; fileRef = 21EC0EC21DFF944B007754D6 /* TipperUITests.swift */; };
/* End PBXBuildFile section */

/* Begin PBXContainerItemProxy section */
		21EC0EB41DFF944B007754D6 /* PBXContainerItemProxy */ = {
			isa = PBXContainerItemProxy;
			containerPortal = 21EC0E971DFF944A007754D6 /* Project object */;
			proxyType = 1;
			remoteGlobalIDString = 21EC0E9E1DFF944A007754D6;
			remoteInfo = Tipper;
		};
		21EC0EBF1DFF944B007754D6 /* PBXContainerItemProxy */ = {
			isa = PBXContainerItemProxy;
			containerPortal = 21EC0E971DFF944A007754D6 /* Project object */;
			proxyType = 1;
			remoteGlobalIDString = 21EC0E9E1DFF944A007754D6;
			remoteInfo = Tipper;
		};
/* End PBXContainerItemProxy section */

/* Begin PBXFileReference section */
		21EC0E9F1DFF944B007754D6 /* Tipper.app */ = {isa = PBXFileReference; explicitFileType = wrapper.application; includeInIndex = 0; path = Tipper.app; sourceTree = BUILT_PRODUCTS_DIR; };
		21EC0EA21DFF944B007754D6 /* AppDelegate.swift */ = {isa = PBXFileReference; lastKnownFileType = sourcecode.swift; path = AppDelegate.swift; sourceTree = "<group>"; };
		21EC0EA41DFF944B007754D6 /* ViewController.swift */ = {isa = PBXFileReference; lastKnownFileType = sourcecode.swift; path = ViewController.swift; sourceTree = "<group>"; };
		21EC0EA71DFF944B007754D6 /* Base */ = {isa = PBXFileReference; lastKnownFileType = file.storyboard; name = Base; path = Base.lproj/Main.storyboard; sourceTree = "<group>"; };
		21EC0EA91DFF944B007754D6 /* Assets.xcassets */ = {isa = PBXFileReference; lastKnownFileType = folder.assetcatalog; path = Assets.xcassets; sourceTree = "<group>"; };
		21EC0EAC1DFF944B007754D6 /* Base */ = {isa = PBXFileReference; lastKnownFileType = file.storyboard; name = Base; path = Base.lproj/LaunchScreen.storyboard; sourceTree = "<group>"; };
		21EC0EAE1DFF944B007754D6 /* Info.plist */ = {isa = PBXFileReference; lastKnownFileType = text.plist.xml; path = Info.plist; sourceTree = "<group>"; };
		21EC0EB31DFF944B007754D6 /* TipperTests.xctest */ = {isa = PBXFileReference; explicitFileType = wrapper.cfbundle; includeInIndex = 0; path = TipperTests.xctest; sourceTree = BUILT_PRODUCTS_DIR; };
		21EC0EB71DFF944B007754D6 /* TipperTests.swift */ = {isa = PBXFileReference; lastKnownFileType = sourcecode.swift; path = TipperTests.swift; sourceTree = "<group>"; };
		21EC0EB91DFF944B007754D6 /* Info.plist */ = {isa = PBXFileReference; lastKnownFileType = text.plist.xml; path = Info.plist; sourceTree = "<group>"; };
		21EC0EBE1DFF944B007754D6 /* TipperUITests.xctest */ = {isa = PBXFileReference; explicitFileType = wrapper.cfbundle; includeInIndex = 0; path = TipperUITests.xctest; sourceTree = BUILT_PRODUCTS_DIR; };
		21EC0EC21DFF944B007754D6 /* TipperUITests.swift */ = {isa = PBXFileReference; lastKnownFileType = sourcecode.swift; path = TipperUITests.swift; sourceTree = "<group>"; };
		21EC0EC41DFF944B007754D6 /* Info.plist */ = {isa = PBXFileReference; lastKnownFileType = text.plist.xml; path = Info.plist; sourceTree = "<group>"; };
/* End PBXFileReference section */

/* Begin PBXFrameworksBuildPhase section */
		21EC0E9C1DFF944A007754D6 /* Frameworks */ = {
			isa = PBXFrameworksBuildPhase;
			buildActionMask = 2147483647;
			files = (
			);
			runOnlyForDeploymentPostprocessing = 0;
		};
		21EC0EB01DFF944B007754D6 /* Frameworks */ = {
			isa = PBXFrameworksBuildPhase;
			buildActionMask = 2147483647;
			files = (
			);
			runOnlyForDeploymentPostprocessing = 0;
		};
		21EC0EBB1DFF944B007754D6 /* Frameworks */ = {
			isa = PBXFrameworksBuildPhase;
			buildActionMask = 2147483647;
			files = (
			);
			runOnlyForDeploymentPostprocessing = 0;
		};
/* End PBXFrameworksBuildPhase section */

/* Begin PBXGroup section */
		21EC0E961DFF944A007754D6 = {
			isa = PBXGroup;
			children = (
				21EC0EA11DFF944B007754D6 /* Tipper */,
				21EC0EB61DFF944B007754D6 /* TipperTests */,
				21EC0EC11DFF944B007754D6 /* TipperUITests */,
				21EC0EA01DFF944B007754D6 /* Products */,
			);
			sourceTree = "<group>";
		};
		21EC0EA01DFF944B007754D6 /* Products */ = {
			isa = PBXGroup;
			children = (
				21EC0E9F1DFF944B007754D6 /* Tipper.app */,
				21EC0EB31DFF944B007754D6 /* TipperTests.xctest */,
				21EC0EBE1DFF944B007754D6 /* TipperUITests.xctest */,
			);
			name = Products;
			sourceTree = "<group>";
		};
		21EC0EA11DFF944B007754D6 /* Tipper */ = {
			isa = PBXGroup;
			children = (
				21EC0EA21DFF944B007754D6 /* AppDelegate.swift */,
				21EC0EA41DFF944B007754D6 /* ViewController.swift */,
				21EC0EA61DFF944B007754D6 /* Main.storyboard */,
				21EC0EA91DFF944B007754D6 /* Assets.xcassets */,
				21EC0EAB1DFF944B007754D6 /* LaunchScreen.storyboard */,
				21EC0EAE1DFF944B007754D6 /* Info.plist */,
			);
			path = Tipper;
			sourceTree = "<group>";
		};
		21EC0EB61DFF944B007754D6 /* TipperTests */ = {
			isa = PBXGroup;
			children = (
				21EC0EB71DFF944B007754D6 /* TipperTests.swift */,
				21EC0EB91DFF944B007754D6 /* Info.plist */,
			);
			path = TipperTests;
			sourceTree = "<group>";
		};
		21EC0EC11DFF944B007754D6 /* TipperUITests */ = {
			isa = PBXGroup;
			children = (
				21EC0EC21DFF944B007754D6 /* TipperUITests.swift */,
				21EC0EC41DFF944B007754D6 /* Info.plist */,
			);
			path = TipperUITests;
			sourceTree = "<group>";
		};
/* End PBXGroup section */

/* Begin PBXNativeTarget section */
		21EC0E9E1DFF944A007754D6 /* Tipper */ = {
			isa = PBXNativeTarget;
			buildConfigurationList = 21EC0EC71DFF944B007754D6 /* Build configuration list for PBXNativeTarget "Tipper" */;
			buildPhases = (
				21EC0E9B1DFF944A007754D6 /* Sources */,
				21EC0E9C1DFF944A007754D6 /* Frameworks */,
				21EC0E9D1DFF944A007754D6 /* Resources */,
			);
			buildRules = (
			);
			dependencies = (
			);
			name = Tipper;
			productName = Tipper;
			productReference = 21EC0E9F1DFF944B007754D6 /* Tipper.app */;
			productType = "com.apple.product-type.application";
		};
		21EC0EB21DFF944B007754D6 /* TipperTests */ = {
			isa = PBXNativeTarget;
			buildConfigurationList = 21EC0ECA1DFF944B007754D6 /* Build configuration list for PBXNativeTarget "TipperTests" */;
			buildPhases = (
				21EC0EAF1DFF944B007754D6 /* Sources */,
				21EC0EB01DFF944B007754D6 /* Frameworks */,
				21EC0EB11DFF944B007754D6 /* Resources */,
			);
			buildRules = (
			);
			dependencies = (
				21EC0EB51DFF944B007754D6 /* PBXTargetDependency */,
			);
			name = TipperTests;
			productName = TipperTests;
			productReference = 21EC0EB31DFF944B007754D6 /* TipperTests.xctest */;
			productType = "com.apple.product-type.bundle.unit-test";
		};
		21EC0EBD1DFF944B007754D6 /* TipperUITests */ = {
			isa = PBXNativeTarget;
			buildConfigurationList = 21EC0ECD1DFF944B007754D6 /* Build configuration list for PBXNativeTarget "TipperUITests" */;
			buildPhases = (
				21EC0EBA1DFF944B007754D6 /* Sources */,
				21EC0EBB1DFF944B007754D6 /* Frameworks */,
				21EC0EBC1DFF944B007754D6 /* Resources */,
			);
			buildRules = (
			);
			dependencies = (
				21EC0EC01DFF944B007754D6 /* PBXTargetDependency */,
			);
			name = TipperUITests;
			productName = TipperUITests;
			productReference = 21EC0EBE1DFF944B007754D6 /* TipperUITests.xctest */;
			productType = "com.apple.product-type.bundle.ui-testing";
		};
/* End PBXNativeTarget section */

/* Begin PBXProject section */
		21EC0E971DFF944A007754D6 /* Project object */ = {
			isa = PBXProject;
			attributes = {
				LastSwiftUpdateCheck = 0810;
				LastUpgradeCheck = 0810;
				ORGANIZATIONNAME = "Madel Asistio";
				TargetAttributes = {
					21EC0E9E1DFF944A007754D6 = {
						CreatedOnToolsVersion = 8.1;
						ProvisioningStyle = Automatic;
					};
					21EC0EB21DFF944B007754D6 = {
						CreatedOnToolsVersion = 8.1;
						DevelopmentTeam = WFB978387N;
						ProvisioningStyle = Automatic;
						TestTargetID = 21EC0E9E1DFF944A007754D6;
					};
					21EC0EBD1DFF944B007754D6 = {
						CreatedOnToolsVersion = 8.1;
						DevelopmentTeam = WFB978387N;
						ProvisioningStyle = Automatic;
						TestTargetID = 21EC0E9E1DFF944A007754D6;
					};
				};
			};
			buildConfigurationList = 21EC0E9A1DFF944A007754D6 /* Build configuration list for PBXProject "Tipper" */;
			compatibilityVersion = "Xcode 3.2";
			developmentRegion = English;
			hasScannedForEncodings = 0;
			knownRegions = (
				en,
				Base,
			);
			mainGroup = 21EC0E961DFF944A007754D6;
			productRefGroup = 21EC0EA01DFF944B007754D6 /* Products */;
			projectDirPath = "";
			projectRoot = "";
			targets = (
				21EC0E9E1DFF944A007754D6 /* Tipper */,
				21EC0EB21DFF944B007754D6 /* TipperTests */,
				21EC0EBD1DFF944B007754D6 /* TipperUITests */,
			);
		};
/* End PBXProject section */

/* Begin PBXResourcesBuildPhase section */
		21EC0E9D1DFF944A007754D6 /* Resources */ = {
			isa = PBXResourcesBuildPhase;
			buildActionMask = 2147483647;
			files = (
				21EC0EAD1DFF944B007754D6 /* LaunchScreen.storyboard in Resources */,
				21EC0EAA1DFF944B007754D6 /* Assets.xcassets in Resources */,
				21EC0EA81DFF944B007754D6 /* Main.storyboard in Resources */,
			);
			runOnlyForDeploymentPostprocessing = 0;
		};
		21EC0EB11DFF944B007754D6 /* Resources */ = {
			isa = PBXResourcesBuildPhase;
			buildActionMask = 2147483647;
			files = (
			);
			runOnlyForDeploymentPostprocessing = 0;
		};
		21EC0EBC1DFF944B007754D6 /* Resources */ = {
			isa = PBXResourcesBuildPhase;
			buildActionMask = 2147483647;
			files = (
			);
			runOnlyForDeploymentPostprocessing = 0;
		};
/* End PBXResourcesBuildPhase section */

/* Begin PBXSourcesBuildPhase section */
		21EC0E9B1DFF944A007754D6 /* Sources */ = {
			isa = PBXSourcesBuildPhase;
			buildActionMask = 2147483647;
			files = (
				21EC0EA51DFF944B007754D6 /* ViewController.swift in Sources */,
				21EC0EA31DFF944B007754D6 /* AppDelegate.swift in Sources */,
			);
			runOnlyForDeploymentPostprocessing = 0;
		};
		21EC0EAF1DFF944B007754D6 /* Sources */ = {
			isa = PBXSourcesBuildPhase;
			buildActionMask = 2147483647;
			files = (
				21EC0EB81DFF944B007754D6 /* TipperTests.swift in Sources */,
			);
			runOnlyForDeploymentPostprocessing = 0;
		};
		21EC0EBA1DFF944B007754D6 /* Sources */ = {
			isa = PBXSourcesBuildPhase;
			buildActionMask = 2147483647;
			files = (
				21EC0EC31DFF944B007754D6 /* TipperUITests.swift in Sources */,
			);
			runOnlyForDeploymentPostprocessing = 0;
		};
/* End PBXSourcesBuildPhase section */

/* Begin PBXTargetDependency section */
		21EC0EB51DFF944B007754D6 /* PBXTargetDependency */ = {
			isa = PBXTargetDependency;
			target = 21EC0E9E1DFF944A007754D6 /* Tipper */;
			targetProxy = 21EC0EB41DFF944B007754D6 /* PBXContainerItemProxy */;
		};
		21EC0EC01DFF944B007754D6 /* PBXTargetDependency */ = {
			isa = PBXTargetDependency;
			target = 21EC0E9E1DFF944A007754D6 /* Tipper */;
			targetProxy = 21EC0EBF1DFF944B007754D6 /* PBXContainerItemProxy */;
		};
/* End PBXTargetDependency section */

/* Begin PBXVariantGroup section */
		21EC0EA61DFF944B007754D6 /* Main.storyboard */ = {
			isa = PBXVariantGroup;
			children = (
				21EC0EA71DFF944B007754D6 /* Base */,
			);
			name = Main.storyboard;
			sourceTree = "<group>";
		};
		21EC0EAB1DFF944B007754D6 /* LaunchScreen.storyboard */ = {
			isa = PBXVariantGroup;
			children = (
				21EC0EAC1DFF944B007754D6 /* Base */,
			);
			name = LaunchScreen.storyboard;
			sourceTree = "<group>";
		};
/* End PBXVariantGroup section */

/* Begin XCBuildConfiguration section */
		21EC0EC51DFF944B007754D6 /* Debug */ = {
			isa = XCBuildConfiguration;
			buildSettings = {
				ALWAYS_SEARCH_USER_PATHS = NO;
				CLANG_ANALYZER_NONNULL = YES;
				CLANG_CXX_LANGUAGE_STANDARD = "gnu++0x";
				CLANG_CXX_LIBRARY = "libc++";
				CLANG_ENABLE_MODULES = YES;
				CLANG_ENABLE_OBJC_ARC = YES;
				CLANG_WARN_BOOL_CONVERSION = YES;
				CLANG_WARN_CONSTANT_CONVERSION = YES;
				CLANG_WARN_DIRECT_OBJC_ISA_USAGE = YES_ERROR;
				CLANG_WARN_DOCUMENTATION_COMMENTS = YES;
				CLANG_WARN_EMPTY_BODY = YES;
				CLANG_WARN_ENUM_CONVERSION = YES;
				CLANG_WARN_INFINITE_RECURSION = YES;
				CLANG_WARN_INT_CONVERSION = YES;
				CLANG_WARN_OBJC_ROOT_CLASS = YES_ERROR;
				CLANG_WARN_SUSPICIOUS_MOVES = YES;
				CLANG_WARN_UNREACHABLE_CODE = YES;
				CLANG_WARN__DUPLICATE_METHOD_MATCH = YES;
				"CODE_SIGN_IDENTITY[sdk=iphoneos*]" = "iPhone Developer";
				COPY_PHASE_STRIP = NO;
				DEBUG_INFORMATION_FORMAT = dwarf;
				ENABLE_STRICT_OBJC_MSGSEND = YES;
				ENABLE_TESTABILITY = YES;
				GCC_C_LANGUAGE_STANDARD = gnu99;
				GCC_DYNAMIC_NO_PIC = NO;
				GCC_NO_COMMON_BLOCKS = YES;
				GCC_OPTIMIZATION_LEVEL = 0;
				GCC_PREPROCESSOR_DEFINITIONS = (
					"DEBUG=1",
					"$(inherited)",
				);
				GCC_WARN_64_TO_32_BIT_CONVERSION = YES;
				GCC_WARN_ABOUT_RETURN_TYPE = YES_ERROR;
				GCC_WARN_UNDECLARED_SELECTOR = YES;
				GCC_WARN_UNINITIALIZED_AUTOS = YES_AGGRESSIVE;
				GCC_WARN_UNUSED_FUNCTION = YES;
				GCC_WARN_UNUSED_VARIABLE = YES;
				IPHONEOS_DEPLOYMENT_TARGET = 10.1;
				MTL_ENABLE_DEBUG_INFO = YES;
				ONLY_ACTIVE_ARCH = YES;
				SDKROOT = iphoneos;
				SWIFT_ACTIVE_COMPILATION_CONDITIONS = DEBUG;
				SWIFT_OPTIMIZATION_LEVEL = "-Onone";
			};
			name = Debug;
		};
		21EC0EC61DFF944B007754D6 /* Release */ = {
			isa = XCBuildConfiguration;
			buildSettings = {
				ALWAYS_SEARCH_USER_PATHS = NO;
				CLANG_ANALYZER_NONNULL = YES;
				CLANG_CXX_LANGUAGE_STANDARD = "gnu++0x";
				CLANG_CXX_LIBRARY = "libc++";
				CLANG_ENABLE_MODULES = YES;
				CLANG_ENABLE_OBJC_ARC = YES;
				CLANG_WARN_BOOL_CONVERSION = YES;
				CLANG_WARN_CONSTANT_CONVERSION = YES;
				CLANG_WARN_DIRECT_OBJC_ISA_USAGE = YES_ERROR;
				CLANG_WARN_DOCUMENTATION_COMMENTS = YES;
				CLANG_WARN_EMPTY_BODY = YES;
				CLANG_WARN_ENUM_CONVERSION = YES;
				CLANG_WARN_INFINITE_RECURSION = YES;
				CLANG_WARN_INT_CONVERSION = YES;
				CLANG_WARN_OBJC_ROOT_CLASS = YES_ERROR;
				CLANG_WARN_SUSPICIOUS_MOVES = YES;
				CLANG_WARN_UNREACHABLE_CODE = YES;
				CLANG_WARN__DUPLICATE_METHOD_MATCH = YES;
				"CODE_SIGN_IDENTITY[sdk=iphoneos*]" = "iPhone Developer";
				COPY_PHASE_STRIP = NO;
				DEBUG_INFORMATION_FORMAT = "dwarf-with-dsym";
				ENABLE_NS_ASSERTIONS = NO;
				ENABLE_STRICT_OBJC_MSGSEND = YES;
				GCC_C_LANGUAGE_STANDARD = gnu99;
				GCC_NO_COMMON_BLOCKS = YES;
				GCC_WARN_64_TO_32_BIT_CONVERSION = YES;
				GCC_WARN_ABOUT_RETURN_TYPE = YES_ERROR;
				GCC_WARN_UNDECLARED_SELECTOR = YES;
				GCC_WARN_UNINITIALIZED_AUTOS = YES_AGGRESSIVE;
				GCC_WARN_UNUSED_FUNCTION = YES;
				GCC_WARN_UNUSED_VARIABLE = YES;
				IPHONEOS_DEPLOYMENT_TARGET = 10.1;
				MTL_ENABLE_DEBUG_INFO = NO;
				SDKROOT = iphoneos;
				SWIFT_OPTIMIZATION_LEVEL = "-Owholemodule";
				VALIDATE_PRODUCT = YES;
			};
			name = Release;
		};
		21EC0EC81DFF944B007754D6 /* Debug */ = {
			isa = XCBuildConfiguration;
			buildSettings = {
				ASSETCATALOG_COMPILER_APPICON_NAME = AppIcon;
				"CODE_SIGN_IDENTITY[sdk=iphoneos*]" = "iPhone Developer";
				DEVELOPMENT_TEAM = "";
				INFOPLIST_FILE = Tipper/Info.plist;
				LD_RUNPATH_SEARCH_PATHS = "$(inherited) @executable_path/Frameworks";
				PRODUCT_BUNDLE_IDENTIFIER = com.codepath.Tipper;
				PRODUCT_NAME = "$(TARGET_NAME)";
				SWIFT_VERSION = 3.0;
			};
			name = Debug;
		};
		21EC0EC91DFF944B007754D6 /* Release */ = {
			isa = XCBuildConfiguration;
			buildSettings = {
				ASSETCATALOG_COMPILER_APPICON_NAME = AppIcon;
				"CODE_SIGN_IDENTITY[sdk=iphoneos*]" = "iPhone Developer";
				DEVELOPMENT_TEAM = "";
				INFOPLIST_FILE = Tipper/Info.plist;
				LD_RUNPATH_SEARCH_PATHS = "$(inherited) @executable_path/Frameworks";
				PRODUCT_BUNDLE_IDENTIFIER = com.codepath.Tipper;
				PRODUCT_NAME = "$(TARGET_NAME)";
				SWIFT_VERSION = 3.0;
			};
			name = Release;
		};
		21EC0ECB1DFF944B007754D6 /* Debug */ = {
			isa = XCBuildConfiguration;
			buildSettings = {
				ALWAYS_EMBED_SWIFT_STANDARD_LIBRARIES = YES;
				BUNDLE_LOADER = "$(TEST_HOST)";
				DEVELOPMENT_TEAM = WFB978387N;
				INFOPLIST_FILE = TipperTests/Info.plist;
				LD_RUNPATH_SEARCH_PATHS = "$(inherited) @executable_path/Frameworks @loader_path/Frameworks";
				PRODUCT_BUNDLE_IDENTIFIER = com.codepath.TipperTests;
				PRODUCT_NAME = "$(TARGET_NAME)";
				SWIFT_VERSION = 3.0;
				TEST_HOST = "$(BUILT_PRODUCTS_DIR)/Tipper.app/Tipper";
			};
			name = Debug;
		};
		21EC0ECC1DFF944B007754D6 /* Release */ = {
			isa = XCBuildConfiguration;
			buildSettings = {
				ALWAYS_EMBED_SWIFT_STANDARD_LIBRARIES = YES;
				BUNDLE_LOADER = "$(TEST_HOST)";
				DEVELOPMENT_TEAM = WFB978387N;
				INFOPLIST_FILE = TipperTests/Info.plist;
				LD_RUNPATH_SEARCH_PATHS = "$(inherited) @executable_path/Frameworks @loader_path/Frameworks";
				PRODUCT_BUNDLE_IDENTIFIER = com.codepath.TipperTests;
				PRODUCT_NAME = "$(TARGET_NAME)";
				SWIFT_VERSION = 3.0;
				TEST_HOST = "$(BUILT_PRODUCTS_DIR)/Tipper.app/Tipper";
			};
			name = Release;
		};
		21EC0ECE1DFF944B007754D6 /* Debug */ = {
			isa = XCBuildConfiguration;
			buildSettings = {
				ALWAYS_EMBED_SWIFT_STANDARD_LIBRARIES = YES;
				DEVELOPMENT_TEAM = WFB978387N;
				INFOPLIST_FILE = TipperUITests/Info.plist;
				LD_RUNPATH_SEARCH_PATHS = "$(inherited) @executable_path/Frameworks @loader_path/Frameworks";
				PRODUCT_BUNDLE_IDENTIFIER = com.codepath.TipperUITests;
				PRODUCT_NAME = "$(TARGET_NAME)";
				SWIFT_VERSION = 3.0;
				TEST_TARGET_NAME = Tipper;
			};
			name = Debug;
		};
		21EC0ECF1DFF944B007754D6 /* Release */ = {
			isa = XCBuildConfiguration;
			buildSettings = {
				ALWAYS_EMBED_SWIFT_STANDARD_LIBRARIES = YES;
				DEVELOPMENT_TEAM = WFB978387N;
				INFOPLIST_FILE = TipperUITests/Info.plist;
				LD_RUNPATH_SEARCH_PATHS = "$(inherited) @executable_path/Frameworks @loader_path/Frameworks";
				PRODUCT_BUNDLE_IDENTIFIER = com.codepath.TipperUITests;
				PRODUCT_NAME = "$(TARGET_NAME)";
				SWIFT_VERSION = 3.0;
				TEST_TARGET_NAME = Tipper;
			};
			name = Release;
		};
/* End XCBuildConfiguration section */

/* Begin XCConfigurationList section */
		21EC0E9A1DFF944A007754D6 /* Build configuration list for PBXProject "Tipper" */ = {
			isa = XCConfigurationList;
			buildConfigurations = (
				21EC0EC51DFF944B007754D6 /* Debug */,
				21EC0EC61DFF944B007754D6 /* Release */,
			);
			defaultConfigurationIsVisible = 0;
			defaultConfigurationName = Release;
		};
		21EC0EC71DFF944B007754D6 /* Build configuration list for PBXNativeTarget "Tipper" */ = {
			isa = XCConfigurationList;
			buildConfigurations = (
				21EC0EC81DFF944B007754D6 /* Debug */,
				21EC0EC91DFF944B007754D6 /* Release */,
			);
			defaultConfigurationIsVisible = 0;
			defaultConfigurationName = Release;
		};
		21EC0ECA1DFF944B007754D6 /* Build configuration list for PBXNativeTarget "TipperTests" */ = {
			isa = XCConfigurationList;
			buildConfigurations = (
				21EC0ECB1DFF944B007754D6 /* Debug */,
				21EC0ECC1DFF944B007754D6 /* Release */,
			);
			defaultConfigurationIsVisible = 0;
			defaultConfigurationName = Release;
		};
		21EC0ECD1DFF944B007754D6 /* Build configuration list for PBXNativeTarget "TipperUITests" */ = {
			isa = XCConfigurationList;
			buildConfigurations = (
				21EC0ECE1DFF944B007754D6 /* Debug */,
				21EC0ECF1DFF944B007754D6 /* Release */,
			);
			defaultConfigurationIsVisible = 0;
			defaultConfigurationName = Release;
		};
/* End XCConfigurationList section */
	};
	rootObject = 21EC0E971DFF944A007754D6 /* Project object */;
}
